
Microsoft Visual Studio Solution File, Format Version 12.00
# Visual Studio Version 17
VisualStudioVersion = 17.9.34714.143
MinimumVisualStudioVersion = 10.0.40219.1
Project("{FAE04EC0-301F-11D3-BF4B-00C04F79EFBC}") = "AniMate-API", "AniMate-API\AniMate-API.csproj", "{59E82363-08B4-48F5-B22A-56B69B9FC4BF}"
EndProject
Project("{E53339B2-1760-4266-BCC7-CA923CBCF16C}") = "docker-compose", "docker-compose.dcproj", "{39B5CFBE-93AD-4305-840F-0D6CD7E8A982}"
EndProject
Global
	GlobalSection(SolutionConfigurationPlatforms) = preSolution
		Debug|Any CPU = Debug|Any CPU
		Release|Any CPU = Release|Any CPU
	EndGlobalSection
	GlobalSection(ProjectConfigurationPlatforms) = postSolution
		{59E82363-08B4-48F5-B22A-56B69B9FC4BF}.Debug|Any CPU.ActiveCfg = Debug|Any CPU
		{59E82363-08B4-48F5-B22A-56B69B9FC4BF}.Debug|Any CPU.Build.0 = Debug|Any CPU
		{59E82363-08B4-48F5-B22A-56B69B9FC4BF}.Release|Any CPU.ActiveCfg = Release|Any CPU
		{59E82363-08B4-48F5-B22A-56B69B9FC4BF}.Release|Any CPU.Build.0 = Release|Any CPU
		{39B5CFBE-93AD-4305-840F-0D6CD7E8A982}.Debug|Any CPU.ActiveCfg = Debug|Any CPU
		{39B5CFBE-93AD-4305-840F-0D6CD7E8A982}.Debug|Any CPU.Build.0 = Debug|Any CPU
		{39B5CFBE-93AD-4305-840F-0D6CD7E8A982}.Release|Any CPU.ActiveCfg = Release|Any CPU
		{39B5CFBE-93AD-4305-840F-0D6CD7E8A982}.Release|Any CPU.Build.0 = Release|Any CPU
	EndGlobalSection
	GlobalSection(SolutionProperties) = preSolution
		HideSolutionNode = FALSE
	EndGlobalSection
	GlobalSection(ExtensibilityGlobals) = postSolution
		SolutionGuid = {354A8AB7-E34C-42E8-AD4A-4598D6BB1293}
	EndGlobalSection
EndGlobal
